// !$*UTF8*$!
{
	archiveVersion = 1;
	classes = {
	};
	objectVersion = 56;
	objects = {

/* Begin PBXBuildFile section */
		2C2A3C4129EEC2AB00AFD094 /* CircleButtonView.swift in Sources */ = {isa = PBXBuildFile; fileRef = 2C2A3C4029EEC2AB00AFD094 /* CircleButtonView.swift */; };
		2C2A3C4429EECAC000AFD094 /* CircleButtonAnimate.swift in Sources */ = {isa = PBXBuildFile; fileRef = 2C2A3C4329EECAC000AFD094 /* CircleButtonAnimate.swift */; };
		2C2A3C4729EED22700AFD094 /* CoinModel.swift in Sources */ = {isa = PBXBuildFile; fileRef = 2C2A3C4629EED22700AFD094 /* CoinModel.swift */; };
		2CD8D2F429F004F800996964 /* CoinRowView.swift in Sources */ = {isa = PBXBuildFile; fileRef = 2CD8D2F329F004F800996964 /* CoinRowView.swift */; };
		2CD8D2F629F006C600996964 /* PreviewProvider.swift in Sources */ = {isa = PBXBuildFile; fileRef = 2CD8D2F529F006C500996964 /* PreviewProvider.swift */; };
		2CD8D2F829F014D700996964 /* Double.swift in Sources */ = {isa = PBXBuildFile; fileRef = 2CD8D2F729F014D700996964 /* Double.swift */; };
		2CD8D2FC29F02C2100996964 /* HomeViewModel.swift in Sources */ = {isa = PBXBuildFile; fileRef = 2CD8D2FB29F02C2100996964 /* HomeViewModel.swift */; };
		2CD8D2FF29F0481B00996964 /* CoinDataService.swift in Sources */ = {isa = PBXBuildFile; fileRef = 2CD8D2FE29F0481B00996964 /* CoinDataService.swift */; };
		2CD8D30129F0611C00996964 /* NetworkingManager.swift in Sources */ = {isa = PBXBuildFile; fileRef = 2CD8D30029F0611C00996964 /* NetworkingManager.swift */; };
		2CF5478029ED945900C739CA /* CryptoPortfolioApp.swift in Sources */ = {isa = PBXBuildFile; fileRef = 2CF5477F29ED945900C739CA /* CryptoPortfolioApp.swift */; };
		2CF5478229ED945900C739CA /* HomeView.swift in Sources */ = {isa = PBXBuildFile; fileRef = 2CF5478129ED945900C739CA /* HomeView.swift */; };
		2CF5478429ED945B00C739CA /* Assets.xcassets in Resources */ = {isa = PBXBuildFile; fileRef = 2CF5478329ED945B00C739CA /* Assets.xcassets */; };
		2CF5478729ED945B00C739CA /* Preview Assets.xcassets in Resources */ = {isa = PBXBuildFile; fileRef = 2CF5478629ED945B00C739CA /* Preview Assets.xcassets */; };
		2CF5479229ED9C4500C739CA /* Color.swift in Sources */ = {isa = PBXBuildFile; fileRef = 2CF5479129ED9C4500C739CA /* Color.swift */; };
/* End PBXBuildFile section */

/* Begin PBXFileReference section */
		2C2A3C4029EEC2AB00AFD094 /* CircleButtonView.swift */ = {isa = PBXFileReference; lastKnownFileType = sourcecode.swift; path = CircleButtonView.swift; sourceTree = "<group>"; };
		2C2A3C4329EECAC000AFD094 /* CircleButtonAnimate.swift */ = {isa = PBXFileReference; lastKnownFileType = sourcecode.swift; path = CircleButtonAnimate.swift; sourceTree = "<group>"; };
		2C2A3C4629EED22700AFD094 /* CoinModel.swift */ = {isa = PBXFileReference; lastKnownFileType = sourcecode.swift; path = CoinModel.swift; sourceTree = "<group>"; };
		2CD8D2F329F004F800996964 /* CoinRowView.swift */ = {isa = PBXFileReference; lastKnownFileType = sourcecode.swift; path = CoinRowView.swift; sourceTree = "<group>"; };
		2CD8D2F529F006C500996964 /* PreviewProvider.swift */ = {isa = PBXFileReference; lastKnownFileType = sourcecode.swift; path = PreviewProvider.swift; sourceTree = "<group>"; };
		2CD8D2F729F014D700996964 /* Double.swift */ = {isa = PBXFileReference; lastKnownFileType = sourcecode.swift; path = Double.swift; sourceTree = "<group>"; };
		2CD8D2FB29F02C2100996964 /* HomeViewModel.swift */ = {isa = PBXFileReference; lastKnownFileType = sourcecode.swift; path = HomeViewModel.swift; sourceTree = "<group>"; };
		2CD8D2FE29F0481B00996964 /* CoinDataService.swift */ = {isa = PBXFileReference; lastKnownFileType = sourcecode.swift; path = CoinDataService.swift; sourceTree = "<group>"; };
		2CD8D30029F0611C00996964 /* NetworkingManager.swift */ = {isa = PBXFileReference; lastKnownFileType = sourcecode.swift; path = NetworkingManager.swift; sourceTree = "<group>"; };
		2CF5477C29ED945900C739CA /* CryptoPortfolio.app */ = {isa = PBXFileReference; explicitFileType = wrapper.application; includeInIndex = 0; path = CryptoPortfolio.app; sourceTree = BUILT_PRODUCTS_DIR; };
		2CF5477F29ED945900C739CA /* CryptoPortfolioApp.swift */ = {isa = PBXFileReference; lastKnownFileType = sourcecode.swift; path = CryptoPortfolioApp.swift; sourceTree = "<group>"; };
		2CF5478129ED945900C739CA /* HomeView.swift */ = {isa = PBXFileReference; lastKnownFileType = sourcecode.swift; path = HomeView.swift; sourceTree = "<group>"; };
		2CF5478329ED945B00C739CA /* Assets.xcassets */ = {isa = PBXFileReference; lastKnownFileType = folder.assetcatalog; path = Assets.xcassets; sourceTree = "<group>"; };
		2CF5478629ED945B00C739CA /* Preview Assets.xcassets */ = {isa = PBXFileReference; lastKnownFileType = folder.assetcatalog; path = "Preview Assets.xcassets"; sourceTree = "<group>"; };
		2CF5478D29ED971700C739CA /* Info.plist */ = {isa = PBXFileReference; lastKnownFileType = text.plist.xml; path = Info.plist; sourceTree = "<group>"; };
		2CF5479129ED9C4500C739CA /* Color.swift */ = {isa = PBXFileReference; lastKnownFileType = sourcecode.swift; path = Color.swift; sourceTree = "<group>"; };
/* End PBXFileReference section */

/* Begin PBXFrameworksBuildPhase section */
		2CF5477929ED945900C739CA /* Frameworks */ = {
			isa = PBXFrameworksBuildPhase;
			buildActionMask = 2147483647;
			files = (
			);
			runOnlyForDeploymentPostprocessing = 0;
		};
/* End PBXFrameworksBuildPhase section */

/* Begin PBXGroup section */
		2C2A3C3C29EEBF8E00AFD094 /* Core */ = {
			isa = PBXGroup;
			children = (
				2C2A3C3F29EEC26900AFD094 /* Components */,
				2C2A3C3D29EEBFA200AFD094 /* Home */,
			);
			path = Core;
			sourceTree = "<group>";
		};
		2C2A3C3D29EEBFA200AFD094 /* Home */ = {
			isa = PBXGroup;
			children = (
				2C2A3C3E29EEBFB700AFD094 /* ViewModels */,
				2CF5478F29ED973800C739CA /* Views */,
			);
			path = Home;
			sourceTree = "<group>";
		};
		2C2A3C3E29EEBFB700AFD094 /* ViewModels */ = {
			isa = PBXGroup;
			children = (
				2CD8D2FB29F02C2100996964 /* HomeViewModel.swift */,
			);
			path = ViewModels;
			sourceTree = "<group>";
		};
		2C2A3C3F29EEC26900AFD094 /* Components */ = {
			isa = PBXGroup;
			children = (
				2C2A3C4229EECAA400AFD094 /* CircleButton */,
			);
			path = Components;
			sourceTree = "<group>";
		};
		2C2A3C4229EECAA400AFD094 /* CircleButton */ = {
			isa = PBXGroup;
			children = (
				2C2A3C4029EEC2AB00AFD094 /* CircleButtonView.swift */,
				2C2A3C4329EECAC000AFD094 /* CircleButtonAnimate.swift */,
			);
			path = CircleButton;
			sourceTree = "<group>";
		};
		2C2A3C4529EED20F00AFD094 /* Models */ = {
			isa = PBXGroup;
			children = (
				2C2A3C4629EED22700AFD094 /* CoinModel.swift */,
			);
			path = Models;
			sourceTree = "<group>";
		};
		2CD8D2FD29F047BB00996964 /* Services */ = {
			isa = PBXGroup;
			children = (
				2CD8D2FE29F0481B00996964 /* CoinDataService.swift */,
			);
			path = Services;
			sourceTree = "<group>";
		};
		2CD8D30229F062F800996964 /* Utilities */ = {
			isa = PBXGroup;
			children = (
				2CD8D30029F0611C00996964 /* NetworkingManager.swift */,
			);
			path = Utilities;
			sourceTree = "<group>";
		};
		2CF5477329ED945900C739CA = {
			isa = PBXGroup;
			children = (
				2CF5477E29ED945900C739CA /* CryptoPortfolio */,
				2CF5477D29ED945900C739CA /* Products */,
			);
			sourceTree = "<group>";
		};
		2CF5477D29ED945900C739CA /* Products */ = {
			isa = PBXGroup;
			children = (
				2CF5477C29ED945900C739CA /* CryptoPortfolio.app */,
			);
			name = Products;
			sourceTree = "<group>";
		};
		2CF5477E29ED945900C739CA /* CryptoPortfolio */ = {
			isa = PBXGroup;
			children = (
				2CF5478E29ED971F00C739CA /* Source */,
				2CD8D30229F062F800996964 /* Utilities */,
				2CF5479029ED9B9000C739CA /* Extensions */,
				2CD8D2FD29F047BB00996964 /* Services */,
				2C2A3C4529EED20F00AFD094 /* Models */,
				2C2A3C3C29EEBF8E00AFD094 /* Core */,
			);
			path = CryptoPortfolio;
			sourceTree = "<group>";
		};
		2CF5478529ED945B00C739CA /* Preview Content */ = {
			isa = PBXGroup;
			children = (
				2CF5478629ED945B00C739CA /* Preview Assets.xcassets */,
			);
			path = "Preview Content";
			sourceTree = "<group>";
		};
		2CF5478E29ED971F00C739CA /* Source */ = {
			isa = PBXGroup;
			children = (
				2CF5478529ED945B00C739CA /* Preview Content */,
				2CF5478D29ED971700C739CA /* Info.plist */,
				2CF5478329ED945B00C739CA /* Assets.xcassets */,
				2CF5477F29ED945900C739CA /* CryptoPortfolioApp.swift */,
			);
			path = Source;
			sourceTree = "<group>";
		};
		2CF5478F29ED973800C739CA /* Views */ = {
			isa = PBXGroup;
			children = (
				2CF5478129ED945900C739CA /* HomeView.swift */,
				2CD8D2F329F004F800996964 /* CoinRowView.swift */,
			);
			path = Views;
			sourceTree = "<group>";
		};
		2CF5479029ED9B9000C739CA /* Extensions */ = {
			isa = PBXGroup;
			children = (
				2CF5479129ED9C4500C739CA /* Color.swift */,
				2CD8D2F529F006C500996964 /* PreviewProvider.swift */,
				2CD8D2F729F014D700996964 /* Double.swift */,
			);
			path = Extensions;
			sourceTree = "<group>";
		};
/* End PBXGroup section */

/* Begin PBXNativeTarget section */
		2CF5477B29ED945900C739CA /* CryptoPortfolio */ = {
			isa = PBXNativeTarget;
			buildConfigurationList = 2CF5478A29ED945B00C739CA /* Build configuration list for PBXNativeTarget "CryptoPortfolio" */;
			buildPhases = (
				2CF5477829ED945900C739CA /* Sources */,
				2CF5477929ED945900C739CA /* Frameworks */,
				2CF5477A29ED945900C739CA /* Resources */,
			);
			buildRules = (
			);
			dependencies = (
			);
			name = CryptoPortfolio;
			productName = CryptoPortfolio;
			productReference = 2CF5477C29ED945900C739CA /* CryptoPortfolio.app */;
			productType = "com.apple.product-type.application";
		};
/* End PBXNativeTarget section */

/* Begin PBXProject section */
		2CF5477429ED945900C739CA /* Project object */ = {
			isa = PBXProject;
			attributes = {
				BuildIndependentTargetsInParallel = 1;
				LastSwiftUpdateCheck = 1420;
				LastUpgradeCheck = 1420;
				TargetAttributes = {
					2CF5477B29ED945900C739CA = {
						CreatedOnToolsVersion = 14.2;
					};
				};
			};
			buildConfigurationList = 2CF5477729ED945900C739CA /* Build configuration list for PBXProject "CryptoPortfolio" */;
			compatibilityVersion = "Xcode 14.0";
			developmentRegion = en;
			hasScannedForEncodings = 0;
			knownRegions = (
				en,
				Base,
			);
			mainGroup = 2CF5477329ED945900C739CA;
			productRefGroup = 2CF5477D29ED945900C739CA /* Products */;
			projectDirPath = "";
			projectRoot = "";
			targets = (
				2CF5477B29ED945900C739CA /* CryptoPortfolio */,
			);
		};
/* End PBXProject section */

/* Begin PBXResourcesBuildPhase section */
		2CF5477A29ED945900C739CA /* Resources */ = {
			isa = PBXResourcesBuildPhase;
			buildActionMask = 2147483647;
			files = (
				2CF5478729ED945B00C739CA /* Preview Assets.xcassets in Resources */,
				2CF5478429ED945B00C739CA /* Assets.xcassets in Resources */,
			);
			runOnlyForDeploymentPostprocessing = 0;
		};
/* End PBXResourcesBuildPhase section */

/* Begin PBXSourcesBuildPhase section */
		2CF5477829ED945900C739CA /* Sources */ = {
			isa = PBXSourcesBuildPhase;
			buildActionMask = 2147483647;
			files = (
				2CF5478229ED945900C739CA /* HomeView.swift in Sources */,
				2CF5478029ED945900C739CA /* CryptoPortfolioApp.swift in Sources */,
				2C2A3C4129EEC2AB00AFD094 /* CircleButtonView.swift in Sources */,
				2CD8D2FC29F02C2100996964 /* HomeViewModel.swift in Sources */,
				2C2A3C4429EECAC000AFD094 /* CircleButtonAnimate.swift in Sources */,
				2C2A3C4729EED22700AFD094 /* CoinModel.swift in Sources */,
				2CD8D2F629F006C600996964 /* PreviewProvider.swift in Sources */,
				2CD8D2F429F004F800996964 /* CoinRowView.swift in Sources */,
				2CD8D2F829F014D700996964 /* Double.swift in Sources */,
				2CD8D30129F0611C00996964 /* NetworkingManager.swift in Sources */,
				2CF5479229ED9C4500C739CA /* Color.swift in Sources */,
				2CD8D2FF29F0481B00996964 /* CoinDataService.swift in Sources */,
			);
			runOnlyForDeploymentPostprocessing = 0;
		};
/* End PBXSourcesBuildPhase section */

/* Begin XCBuildConfiguration section */
		2CF5478829ED945B00C739CA /* Debug */ = {
			isa = XCBuildConfiguration;
			buildSettings = {
				ALWAYS_SEARCH_USER_PATHS = NO;
				CLANG_ANALYZER_NONNULL = YES;
				CLANG_ANALYZER_NUMBER_OBJECT_CONVERSION = YES_AGGRESSIVE;
				CLANG_CXX_LANGUAGE_STANDARD = "gnu++20";
				CLANG_ENABLE_MODULES = YES;
				CLANG_ENABLE_OBJC_ARC = YES;
				CLANG_ENABLE_OBJC_WEAK = YES;
				CLANG_WARN_BLOCK_CAPTURE_AUTORELEASING = YES;
				CLANG_WARN_BOOL_CONVERSION = YES;
				CLANG_WARN_COMMA = YES;
				CLANG_WARN_CONSTANT_CONVERSION = YES;
				CLANG_WARN_DEPRECATED_OBJC_IMPLEMENTATIONS = YES;
				CLANG_WARN_DIRECT_OBJC_ISA_USAGE = YES_ERROR;
				CLANG_WARN_DOCUMENTATION_COMMENTS = YES;
				CLANG_WARN_EMPTY_BODY = YES;
				CLANG_WARN_ENUM_CONVERSION = YES;
				CLANG_WARN_INFINITE_RECURSION = YES;
				CLANG_WARN_INT_CONVERSION = YES;
				CLANG_WARN_NON_LITERAL_NULL_CONVERSION = YES;
				CLANG_WARN_OBJC_IMPLICIT_RETAIN_SELF = YES;
				CLANG_WARN_OBJC_LITERAL_CONVERSION = YES;
				CLANG_WARN_OBJC_ROOT_CLASS = YES_ERROR;
				CLANG_WARN_QUOTED_INCLUDE_IN_FRAMEWORK_HEADER = YES;
				CLANG_WARN_RANGE_LOOP_ANALYSIS = YES;
				CLANG_WARN_STRICT_PROTOTYPES = YES;
				CLANG_WARN_SUSPICIOUS_MOVE = YES;
				CLANG_WARN_UNGUARDED_AVAILABILITY = YES_AGGRESSIVE;
				CLANG_WARN_UNREACHABLE_CODE = YES;
				CLANG_WARN__DUPLICATE_METHOD_MATCH = YES;
				COPY_PHASE_STRIP = NO;
				DEBUG_INFORMATION_FORMAT = dwarf;
				ENABLE_STRICT_OBJC_MSGSEND = YES;
				ENABLE_TESTABILITY = YES;
				GCC_C_LANGUAGE_STANDARD = gnu11;
				GCC_DYNAMIC_NO_PIC = NO;
				GCC_NO_COMMON_BLOCKS = YES;
				GCC_OPTIMIZATION_LEVEL = 0;
				GCC_PREPROCESSOR_DEFINITIONS = (
					"DEBUG=1",
					"$(inherited)",
				);
				GCC_WARN_64_TO_32_BIT_CONVERSION = YES;
				GCC_WARN_ABOUT_RETURN_TYPE = YES_ERROR;
				GCC_WARN_UNDECLARED_SELECTOR = YES;
				GCC_WARN_UNINITIALIZED_AUTOS = YES_AGGRESSIVE;
				GCC_WARN_UNUSED_FUNCTION = YES;
				GCC_WARN_UNUSED_VARIABLE = YES;
				IPHONEOS_DEPLOYMENT_TARGET = 16.2;
				MTL_ENABLE_DEBUG_INFO = INCLUDE_SOURCE;
				MTL_FAST_MATH = YES;
				ONLY_ACTIVE_ARCH = YES;
				SDKROOT = iphoneos;
				SWIFT_ACTIVE_COMPILATION_CONDITIONS = DEBUG;
				SWIFT_OPTIMIZATION_LEVEL = "-Onone";
			};
			name = Debug;
		};
		2CF5478929ED945B00C739CA /* Release */ = {
			isa = XCBuildConfiguration;
			buildSettings = {
				ALWAYS_SEARCH_USER_PATHS = NO;
				CLANG_ANALYZER_NONNULL = YES;
				CLANG_ANALYZER_NUMBER_OBJECT_CONVERSION = YES_AGGRESSIVE;
				CLANG_CXX_LANGUAGE_STANDARD = "gnu++20";
				CLANG_ENABLE_MODULES = YES;
				CLANG_ENABLE_OBJC_ARC = YES;
				CLANG_ENABLE_OBJC_WEAK = YES;
				CLANG_WARN_BLOCK_CAPTURE_AUTORELEASING = YES;
				CLANG_WARN_BOOL_CONVERSION = YES;
				CLANG_WARN_COMMA = YES;
				CLANG_WARN_CONSTANT_CONVERSION = YES;
				CLANG_WARN_DEPRECATED_OBJC_IMPLEMENTATIONS = YES;
				CLANG_WARN_DIRECT_OBJC_ISA_USAGE = YES_ERROR;
				CLANG_WARN_DOCUMENTATION_COMMENTS = YES;
				CLANG_WARN_EMPTY_BODY = YES;
				CLANG_WARN_ENUM_CONVERSION = YES;
				CLANG_WARN_INFINITE_RECURSION = YES;
				CLANG_WARN_INT_CONVERSION = YES;
				CLANG_WARN_NON_LITERAL_NULL_CONVERSION = YES;
				CLANG_WARN_OBJC_IMPLICIT_RETAIN_SELF = YES;
				CLANG_WARN_OBJC_LITERAL_CONVERSION = YES;
				CLANG_WARN_OBJC_ROOT_CLASS = YES_ERROR;
				CLANG_WARN_QUOTED_INCLUDE_IN_FRAMEWORK_HEADER = YES;
				CLANG_WARN_RANGE_LOOP_ANALYSIS = YES;
				CLANG_WARN_STRICT_PROTOTYPES = YES;
				CLANG_WARN_SUSPICIOUS_MOVE = YES;
				CLANG_WARN_UNGUARDED_AVAILABILITY = YES_AGGRESSIVE;
				CLANG_WARN_UNREACHABLE_CODE = YES;
				CLANG_WARN__DUPLICATE_METHOD_MATCH = YES;
				COPY_PHASE_STRIP = NO;
				DEBUG_INFORMATION_FORMAT = "dwarf-with-dsym";
				ENABLE_NS_ASSERTIONS = NO;
				ENABLE_STRICT_OBJC_MSGSEND = YES;
				GCC_C_LANGUAGE_STANDARD = gnu11;
				GCC_NO_COMMON_BLOCKS = YES;
				GCC_WARN_64_TO_32_BIT_CONVERSION = YES;
				GCC_WARN_ABOUT_RETURN_TYPE = YES_ERROR;
				GCC_WARN_UNDECLARED_SELECTOR = YES;
				GCC_WARN_UNINITIALIZED_AUTOS = YES_AGGRESSIVE;
				GCC_WARN_UNUSED_FUNCTION = YES;
				GCC_WARN_UNUSED_VARIABLE = YES;
				IPHONEOS_DEPLOYMENT_TARGET = 16.2;
				MTL_ENABLE_DEBUG_INFO = NO;
				MTL_FAST_MATH = YES;
				SDKROOT = iphoneos;
				SWIFT_COMPILATION_MODE = wholemodule;
				SWIFT_OPTIMIZATION_LEVEL = "-O";
				VALIDATE_PRODUCT = YES;
			};
			name = Release;
		};
		2CF5478B29ED945B00C739CA /* Debug */ = {
			isa = XCBuildConfiguration;
			buildSettings = {
				ASSETCATALOG_COMPILER_APPICON_NAME = AppIcon;
				ASSETCATALOG_COMPILER_GLOBAL_ACCENT_COLOR_NAME = AccentColor;
				CODE_SIGN_STYLE = Automatic;
				CURRENT_PROJECT_VERSION = 1;
				DEVELOPMENT_ASSET_PATHS = "\"CryptoPortfolio/Source/Preview Content\"";
				ENABLE_PREVIEWS = YES;
				GENERATE_INFOPLIST_FILE = YES;
				INFOPLIST_FILE = CryptoPortfolio/Source/Info.plist;
				INFOPLIST_KEY_CFBundleDisplayName = "Crypto Portfolio";
				INFOPLIST_KEY_LSApplicationCategoryType = "public.app-category.finance";
				INFOPLIST_KEY_UIApplicationSupportsIndirectInputEvents = YES;
				INFOPLIST_KEY_UILaunchScreen_Generation = YES;
				INFOPLIST_KEY_UISupportedInterfaceOrientations = UIInterfaceOrientationPortrait;
				LD_RUNPATH_SEARCH_PATHS = (
					"$(inherited)",
					"@executable_path/Frameworks",
				);
				MARKETING_VERSION = 1.0;
				PRODUCT_BUNDLE_IDENTIFIER = Alex.CryptoPortfolio;
				PRODUCT_NAME = "$(TARGET_NAME)";
				SWIFT_EMIT_LOC_STRINGS = YES;
				SWIFT_VERSION = 5.0;
				TARGETED_DEVICE_FAMILY = "1,2";
			};
			name = Debug;
		};
		2CF5478C29ED945B00C739CA /* Release */ = {
			isa = XCBuildConfiguration;
			buildSettings = {
				ASSETCATALOG_COMPILER_APPICON_NAME = AppIcon;
				ASSETCATALOG_COMPILER_GLOBAL_ACCENT_COLOR_NAME = AccentColor;
				CODE_SIGN_STYLE = Automatic;
				CURRENT_PROJECT_VERSION = 1;
				DEVELOPMENT_ASSET_PATHS = "\"CryptoPortfolio/Source/Preview Content\"";
				ENABLE_PREVIEWS = YES;
				GENERATE_INFOPLIST_FILE = YES;
				INFOPLIST_FILE = CryptoPortfolio/Source/Info.plist;
				INFOPLIST_KEY_CFBundleDisplayName = "Crypto Portfolio";
				INFOPLIST_KEY_LSApplicationCategoryType = "public.app-category.finance";
				INFOPLIST_KEY_UIApplicationSupportsIndirectInputEvents = YES;
				INFOPLIST_KEY_UILaunchScreen_Generation = YES;
				INFOPLIST_KEY_UISupportedInterfaceOrientations = UIInterfaceOrientationPortrait;
				LD_RUNPATH_SEARCH_PATHS = (
					"$(inherited)",
					"@executable_path/Frameworks",
				);
				MARKETING_VERSION = 1.0;
				PRODUCT_BUNDLE_IDENTIFIER = Alex.CryptoPortfolio;
				PRODUCT_NAME = "$(TARGET_NAME)";
				SWIFT_EMIT_LOC_STRINGS = YES;
				SWIFT_VERSION = 5.0;
				TARGETED_DEVICE_FAMILY = "1,2";
			};
			name = Release;
		};
/* End XCBuildConfiguration section */

/* Begin XCConfigurationList section */
		2CF5477729ED945900C739CA /* Build configuration list for PBXProject "CryptoPortfolio" */ = {
			isa = XCConfigurationList;
			buildConfigurations = (
				2CF5478829ED945B00C739CA /* Debug */,
				2CF5478929ED945B00C739CA /* Release */,
			);
			defaultConfigurationIsVisible = 0;
			defaultConfigurationName = Release;
		};
		2CF5478A29ED945B00C739CA /* Build configuration list for PBXNativeTarget "CryptoPortfolio" */ = {
			isa = XCConfigurationList;
			buildConfigurations = (
				2CF5478B29ED945B00C739CA /* Debug */,
				2CF5478C29ED945B00C739CA /* Release */,
			);
			defaultConfigurationIsVisible = 0;
			defaultConfigurationName = Release;
		};
/* End XCConfigurationList section */
	};
	rootObject = 2CF5477429ED945900C739CA /* Project object */;
}
